
Microsoft Visual Studio Solution File, Format Version 12.00
Project("{FAE04EC0-301F-11D3-BF4B-00C04F79EFBC}") = "Task 1", "..\Task 1\Task 1.csproj", "{697DA803-0071-4047-95E1-B72350332AA4}"
EndProject
Project("{FAE04EC0-301F-11D3-BF4B-00C04F79EFBC}") = "Task 2", "..\Task 2\Task 2.csproj", "{5C6E5313-3F90-4BF0-93CC-D00D3A2ED28A}"
EndProject
Project("{FAE04EC0-301F-11D3-BF4B-00C04F79EFBC}") = "Task 3", "..\Task 3\Task 3.csproj", "{98B3189F-123C-4625-B77F-F2E451B5E53A}"
EndProject
Project("{FAE04EC0-301F-11D3-BF4B-00C04F79EFBC}") = "Task 4", "..\Task 4\Task 4.csproj", "{E8747CC5-2972-413A-8A4B-B588A5087999}"
EndProject
Project("{FAE04EC0-301F-11D3-BF4B-00C04F79EFBC}") = "Task 5", "..\Task 5\Task 5.csproj", "{ECBF2B5A-B611-4FFE-905D-A7671CAF72D7}"
EndProject
Project("{FAE04EC0-301F-11D3-BF4B-00C04F79EFBC}") = "Task 6", "..\Task 6\Task 6.csproj", "{0DD67326-B8A4-47C2-8ABF-4D283D9EA887}"
EndProject
Global
	GlobalSection(SolutionConfigurationPlatforms) = preSolution
		Debug|Any CPU = Debug|Any CPU
		Release|Any CPU = Release|Any CPU
	EndGlobalSection
	GlobalSection(ProjectConfigurationPlatforms) = postSolution
		{697DA803-0071-4047-95E1-B72350332AA4}.Debug|Any CPU.ActiveCfg = Debug|Any CPU
		{697DA803-0071-4047-95E1-B72350332AA4}.Debug|Any CPU.Build.0 = Debug|Any CPU
		{697DA803-0071-4047-95E1-B72350332AA4}.Release|Any CPU.ActiveCfg = Release|Any CPU
		{697DA803-0071-4047-95E1-B72350332AA4}.Release|Any CPU.Build.0 = Release|Any CPU
		{5C6E5313-3F90-4BF0-93CC-D00D3A2ED28A}.Debug|Any CPU.ActiveCfg = Debug|Any CPU
		{5C6E5313-3F90-4BF0-93CC-D00D3A2ED28A}.Debug|Any CPU.Build.0 = Debug|Any CPU
		{5C6E5313-3F90-4BF0-93CC-D00D3A2ED28A}.Release|Any CPU.ActiveCfg = Release|Any CPU
		{5C6E5313-3F90-4BF0-93CC-D00D3A2ED28A}.Release|Any CPU.Build.0 = Release|Any CPU
		{98B3189F-123C-4625-B77F-F2E451B5E53A}.Debug|Any CPU.ActiveCfg = Debug|Any CPU
		{98B3189F-123C-4625-B77F-F2E451B5E53A}.Debug|Any CPU.Build.0 = Debug|Any CPU
		{98B3189F-123C-4625-B77F-F2E451B5E53A}.Release|Any CPU.ActiveCfg = Release|Any CPU
		{98B3189F-123C-4625-B77F-F2E451B5E53A}.Release|Any CPU.Build.0 = Release|Any CPU
		{E8747CC5-2972-413A-8A4B-B588A5087999}.Debug|Any CPU.ActiveCfg = Debug|Any CPU
		{E8747CC5-2972-413A-8A4B-B588A5087999}.Debug|Any CPU.Build.0 = Debug|Any CPU
		{E8747CC5-2972-413A-8A4B-B588A5087999}.Release|Any CPU.ActiveCfg = Release|Any CPU
		{E8747CC5-2972-413A-8A4B-B588A5087999}.Release|Any CPU.Build.0 = Release|Any CPU
		{ECBF2B5A-B611-4FFE-905D-A7671CAF72D7}.Debug|Any CPU.ActiveCfg = Debug|Any CPU
		{ECBF2B5A-B611-4FFE-905D-A7671CAF72D7}.Debug|Any CPU.Build.0 = Debug|Any CPU
		{ECBF2B5A-B611-4FFE-905D-A7671CAF72D7}.Release|Any CPU.ActiveCfg = Release|Any CPU
		{ECBF2B5A-B611-4FFE-905D-A7671CAF72D7}.Release|Any CPU.Build.0 = Release|Any CPU
		{0DD67326-B8A4-47C2-8ABF-4D283D9EA887}.Debug|Any CPU.ActiveCfg = Debug|Any CPU
		{0DD67326-B8A4-47C2-8ABF-4D283D9EA887}.Debug|Any CPU.Build.0 = Debug|Any CPU
		{0DD67326-B8A4-47C2-8ABF-4D283D9EA887}.Release|Any CPU.ActiveCfg = Release|Any CPU
		{0DD67326-B8A4-47C2-8ABF-4D283D9EA887}.Release|Any CPU.Build.0 = Release|Any CPU
	EndGlobalSection
EndGlobal
